
Microsoft Visual Studio Solution File, Format Version 12.00
# Visual Studio Version 16
VisualStudioVersion = 16.0.29519.87
MinimumVisualStudioVersion = 10.0.40219.1
Project("{FAE04EC0-301F-11D3-BF4B-00C04F79EFBC}") = "Snake", "Snake\Snake.csproj", "{7205ACA8-8A97-43DC-BEAD-C31FF9B2DA7A}"
EndProject
Global
	GlobalSection(SolutionConfigurationPlatforms) = preSolution
		Debug|Any CPU = Debug|Any CPU
		Release|Any CPU = Release|Any CPU
	EndGlobalSection
	GlobalSection(ProjectConfigurationPlatforms) = postSolution
		{7205ACA8-8A97-43DC-BEAD-C31FF9B2DA7A}.Debug|Any CPU.ActiveCfg = Debug|Any CPU
		{7205ACA8-8A97-43DC-BEAD-C31FF9B2DA7A}.Debug|Any CPU.Build.0 = Debug|Any CPU
		{7205ACA8-8A97-43DC-BEAD-C31FF9B2DA7A}.Release|Any CPU.ActiveCfg = Release|Any CPU
		{7205ACA8-8A97-43DC-BEAD-C31FF9B2DA7A}.Release|Any CPU.Build.0 = Release|Any CPU
	EndGlobalSection
	GlobalSection(SolutionProperties) = preSolution
		HideSolutionNode = FALSE
	EndGlobalSection
	GlobalSection(ExtensibilityGlobals) = postSolution
		SolutionGuid = {250DC10E-4114-43BC-AC91-22F1936F5C21}
	EndGlobalSection
EndGlobal
