
Microsoft Visual Studio Solution File, Format Version 12.00
# Visual Studio Version 16
VisualStudioVersion = 16.0.30104.148
MinimumVisualStudioVersion = 10.0.40219.1
Project("{FAE04EC0-301F-11D3-BF4B-00C04F79EFBC}") = "WindowsFormsApp1", "WindowsFormsApp1\WindowsFormsApp1.csproj", "{AC71BD95-18E3-4B34-83B9-7847EFC2226F}"
EndProject
Global
	GlobalSection(SolutionConfigurationPlatforms) = preSolution
		Debug|Any CPU = Debug|Any CPU
		Release|Any CPU = Release|Any CPU
	EndGlobalSection
	GlobalSection(ProjectConfigurationPlatforms) = postSolution
		{AC71BD95-18E3-4B34-83B9-7847EFC2226F}.Debug|Any CPU.ActiveCfg = Debug|Any CPU
		{AC71BD95-18E3-4B34-83B9-7847EFC2226F}.Debug|Any CPU.Build.0 = Debug|Any CPU
		{AC71BD95-18E3-4B34-83B9-7847EFC2226F}.Release|Any CPU.ActiveCfg = Release|Any CPU
		{AC71BD95-18E3-4B34-83B9-7847EFC2226F}.Release|Any CPU.Build.0 = Release|Any CPU
	EndGlobalSection
	GlobalSection(SolutionProperties) = preSolution
		HideSolutionNode = FALSE
	EndGlobalSection
	GlobalSection(ExtensibilityGlobals) = postSolution
		SolutionGuid = {45AF2449-2349-41F3-9AFF-E7988CC41AA7}
	EndGlobalSection
EndGlobal
